<?xml version="1.0" encoding="utf-8"?>
<Project ToolsVersion="4.0" xmlns="http://schemas.microsoft.com/developer/msbuild/2003">
  <ItemGroup>
    <Filter Include="Source">
      <UniqueIdentifier>{00000001-1111-2222-3333-000000000001}</UniqueIdentifier>
    </Filter>
    <Filter Include="Source\Engine">
      <UniqueIdentifier>{00000002-1111-2222-3333-000000000002}</UniqueIdentifier>
    </Filter>
    <Filter Include="Source\Engine\Animation">
      <UniqueIdentifier>{00000003-1111-2222-3333-000000000003}</UniqueIdentifier>
    </Filter>
    <Filter Include="Source\Engine\Audio">
      <UniqueIdentifier>{00000004-1111-2222-3333-000000000004}</UniqueIdentifier>
    </Filter>
    <Filter Include="Source\Engine\Core">
      <UniqueIdentifier>{00000005-1111-2222-3333-000000000005}</UniqueIdentifier>
    </Filter>
    <Filter Include="Source\Engine\Debug">
      <UniqueIdentifier>{00000006-1111-2222-3333-000000000006}</UniqueIdentifier>
    </Filter>
    <Filter Include="Source\Engine\Effect">
      <UniqueIdentifier>{00000007-1111-2222-3333-000000000007}</UniqueIdentifier>
    </Filter>
    <Filter Include="Source\Engine\Input">
      <UniqueIdentifier>{00000008-1111-2222-3333-000000000008}</UniqueIdentifier>
    </Filter>
    <Filter Include="Source\Engine\Physics">
      <UniqueIdentifier>{00000009-1111-2222-3333-000000000009}</UniqueIdentifier>
    </Filter>
    <Filter Include="Source\Engine\Render">
      <UniqueIdentifier>{0000000a-1111-2222-3333-00000000000a}</UniqueIdentifier>
    </Filter>
    <Filter Include="Source\Engine\UI">
      <UniqueIdentifier>{0000000b-1111-2222-3333-00000000000b}</UniqueIdentifier>
    </Filter>
    <Filter Include="Source\Game">
      <UniqueIdentifier>{0000000c-1111-2222-3333-00000000000c}</UniqueIdentifier>
    </Filter>
    <Filter Include="Source\Game\Camera">
      <UniqueIdentifier>{0000000d-1111-2222-3333-00000000000d}</UniqueIdentifier>
    </Filter>
    <Filter Include="Source\Game\Character">
      <UniqueIdentifier>{0000000e-1111-2222-3333-00000000000e}</UniqueIdentifier>
    </Filter>
    <Filter Include="Source\Game\Debug">
      <UniqueIdentifier>{0000000f-1111-2222-3333-00000000000f}</UniqueIdentifier>
    </Filter>
    <Filter Include="Source\Game\Effect">
      <UniqueIdentifier>{00000010-1111-2222-3333-000000000010}</UniqueIdentifier>
    </Filter>
    <Filter Include="Source\Game\Enemy">
      <UniqueIdentifier>{00000011-1111-2222-3333-000000000011}</UniqueIdentifier>
    </Filter>
    <Filter Include="Source\Game\Enemy\State">
      <UniqueIdentifier>{0000001a-1111-2222-3333-00000000001a}</UniqueIdentifier>
    </Filter>
    <Filter Include="Source\Game\Input">
      <UniqueIdentifier>{00000012-1111-2222-3333-000000000012}</UniqueIdentifier>
    </Filter>
    <Filter Include="Source\Game\Phase">
      <UniqueIdentifier>{00000013-1111-2222-3333-000000000013}</UniqueIdentifier>
    </Filter>
    <Filter Include="Source\Game\Player">
      <UniqueIdentifier>{00000014-1111-2222-3333-000000000014}</UniqueIdentifier>
    </Filter>
    <Filter Include="Source\Game\Player\State">
      <UniqueIdentifier>{0000001b-1111-2222-3333-00000000001b}</UniqueIdentifier>
    </Filter>
    <Filter Include="Source\Game\Projectile">
      <UniqueIdentifier>{00000015-1111-2222-3333-000000000015}</UniqueIdentifier>
    </Filter>
    <Filter Include="Source\Game\Scene">
      <UniqueIdentifier>{00000016-1111-2222-3333-000000000016}</UniqueIdentifier>
    </Filter>
    <Filter Include="Source\Game\Stage">
      <UniqueIdentifier>{00000017-1111-2222-3333-000000000017}</UniqueIdentifier>
    </Filter>
    <Filter Include="Source\Game\State">
      <UniqueIdentifier>{00000018-1111-2222-3333-000000000018}</UniqueIdentifier>
    </Filter>
    <Filter Include="Source\Game\UI">
      <UniqueIdentifier>{00000019-1111-2222-3333-000000000019}</UniqueIdentifier>
    </Filter>
  </ItemGroup>
  <ItemGroup>
    <ClCompile Include="Source\Engine\Audio\AudioManager.cpp">
      <Filter>Source\Engine\Audio</Filter>
    </ClCompile>
    <ClCompile Include="Source\Engine\Audio\SoundManager.cpp">
      <Filter>Source\Engine\Audio</Filter>
    </ClCompile>
    <ClCompile Include="Source\Engine\Core\Scene.cpp">
      <Filter>Source\Engine\Core</Filter>
    </ClCompile>
    <ClCompile Include="Source\Engine\Core\SceneManager.cpp">
      <Filter>Source\Engine\Core</Filter>
    </ClCompile>
    <ClCompile Include="Source\Engine\Core\System.cpp">
      <Filter>Source\Engine\Core</Filter>
    </ClCompile>
    <ClCompile Include="Source\Engine\Effect\ParticleManager.cpp">
      <Filter>Source\Engine\Effect</Filter>
    </ClCompile>
    <ClCompile Include="Source\Engine\Effect\ParticleSystem.cpp">
      <Filter>Source\Engine\Effect</Filter>
    </ClCompile>
    <ClCompile Include="Source\Engine\Physics\MeshCollider.cpp">
      <Filter>Source\Engine\Physics</Filter>
    </ClCompile>
    <ClCompile Include="Source\Engine\Physics\PhysicsManager.cpp">
      <Filter>Source\Engine\Physics</Filter>
    </ClCompile>
    <ClCompile Include="Source\Engine\Render\RenderManager.cpp">
      <Filter>Source\Engine\Render</Filter>
    </ClCompile>
    <ClCompile Include="Source\Engine\UI\UIManager.cpp">
      <Filter>Source\Engine\UI</Filter>
    </ClCompile>
    <ClCompile Include="Source\Game\Camera\CameraFollow.cpp">
      <Filter>Source\Game\Camera</Filter>
    </ClCompile>
    <ClCompile Include="Source\Game\Character\Character.cpp">
      <Filter>Source\Game\Character</Filter>
    </ClCompile>
    <ClCompile Include="Source\Game\Character\CharacterBuilder.cpp">
      <Filter>Source\Game\Character</Filter>
    </ClCompile>
    <ClCompile Include="Source\Game\Character\CombatSystem.cpp">
      <Filter>Source\Game\Character</Filter>
    </ClCompile>
    <ClCompile Include="Source\Game\Debug\DebugCheats.cpp">
      <Filter>Source\Game\Debug</Filter>
    </ClCompile>
    <ClCompile Include="Source\Game\Effect\EffectManager.cpp">
      <Filter>Source\Game\Effect</Filter>
    </ClCompile>
    <ClCompile Include="Source\Game\Effect\ScreenFlash.cpp">
      <Filter>Source\Game\Effect</Filter>
    </ClCompile>
    <ClCompile Include="Source\Game\Effect\ShapeEffectRenderer.cpp">
      <Filter>Source\Game\Effect</Filter>
    </ClCompile>
    <ClCompile Include="Source\Game\Effect\SlashTrail.cpp">
      <Filter>Source\Game\Effect</Filter>
    </ClCompile>
    <ClCompile Include="Source\Game\Enemy\Enemy.cpp">
      <Filter>Source\Game\Enemy</Filter>
    </ClCompile>
    <ClCompile Include="Source\Game\Enemy\EnemyAI.cpp">
      <Filter>Source\Game\Enemy</Filter>
    </ClCompile>
    <ClCompile Include="Source\Game\Enemy\EnemyData.cpp">
      <Filter>Source\Game\Enemy</Filter>
    </ClCompile>
    <ClCompile Include="Source\Game\Enemy\EnemyFactory.cpp">
      <Filter>Source\Game\Enemy</Filter>
    </ClCompile>
    <ClCompile Include="Source\Game\Enemy\State\EnemyActions.cpp">
      <Filter>Source\Game\Enemy\State</Filter>
    </ClCompile>
    <ClCompile Include="Source\Game\Enemy\State\EnemyAttackState.cpp">
      <Filter>Source\Game\Enemy\State</Filter>
    </ClCompile>
    <ClCompile Include="Source\Game\Enemy\State\EnemyBlowState.cpp">
      <Filter>Source\Game\Enemy\State</Filter>
    </ClCompile>
    <ClCompile Include="Source\Game\Enemy\State\EnemyDamageState.cpp">
      <Filter>Source\Game\Enemy\State</Filter>
    </ClCompile>
    <ClCompile Include="Source\Game\Enemy\State\EnemyDeadState.cpp">
      <Filter>Source\Game\Enemy\State</Filter>
    </ClCompile>
    <ClCompile Include="Source\Game\Enemy\State\EnemyIdleState.cpp">
      <Filter>Source\Game\Enemy\State</Filter>
    </ClCompile>
    <ClCompile Include="Source\Game\Enemy\State\EnemyMoveState.cpp">
      <Filter>Source\Game\Enemy\State</Filter>
    </ClCompile>
    <ClCompile Include="Source\Game\Enemy\State\EnemyShootState.cpp">
      <Filter>Source\Game\Enemy\State</Filter>
    </ClCompile>
    <ClCompile Include="Source\Game\Input\PlayerController.cpp">
      <Filter>Source\Game\Input</Filter>
    </ClCompile>
    <ClCompile Include="Source\Game\Input\TargetLock.cpp">
      <Filter>Source\Game\Input</Filter>
    </ClCompile>
    <ClCompile Include="Source\Game\Phase\PhaseDirector.cpp">
      <Filter>Source\Game\Phase</Filter>
    </ClCompile>
    <ClCompile Include="Source\Game\Phase\SaveData.cpp">
      <Filter>Source\Game\Phase</Filter>
    </ClCompile>
    <ClCompile Include="Source\Game\Player\Player.cpp">
      <Filter>Source\Game\Player</Filter>
    </ClCompile>
    <ClCompile Include="Source\Game\Player\PlayerAttacks.cpp">
      <Filter>Source\Game\Player</Filter>
    </ClCompile>
    <ClCompile Include="Source\Game\Player\PlayerFactory.cpp">
      <Filter>Source\Game\Player</Filter>
    </ClCompile>
    <ClCompile Include="Source\Game\Player\State\PlayerActions.cpp">
      <Filter>Source\Game\Player\State</Filter>
    </ClCompile>
    <ClCompile Include="Source\Game\Player\State\PlayerAttackState.cpp">
      <Filter>Source\Game\Player\State</Filter>
    </ClCompile>
    <ClCompile Include="Source\Game\Player\State\PlayerBlowState.cpp">
      <Filter>Source\Game\Player\State</Filter>
    </ClCompile>
    <ClCompile Include="Source\Game\Player\State\PlayerDamageState.cpp">
      <Filter>Source\Game\Player\State</Filter>
    </ClCompile>
    <ClCompile Include="Source\Game\Player\State\PlayerDeadState.cpp">
      <Filter>Source\Game\Player\State</Filter>
    </ClCompile>
    <ClCompile Include="Source\Game\Player\State\PlayerDodgeState.cpp">
      <Filter>Source\Game\Player\State</Filter>
    </ClCompile>
    <ClCompile Include="Source\Game\Player\State\PlayerGuardState.cpp">
      <Filter>Source\Game\Player\State</Filter>
    </ClCompile>
    <ClCompile Include="Source\Game\Player\State\PlayerIdleState.cpp">
      <Filter>Source\Game\Player\State</Filter>
    </ClCompile>
    <ClCompile Include="Source\Game\Player\State\PlayerJumpState.cpp">
      <Filter>Source\Game\Player\State</Filter>
    </ClCompile>
    <ClCompile Include="Source\Game\Player\State\PlayerMoveState.cpp">
      <Filter>Source\Game\Player\State</Filter>
    </ClCompile>
    <ClCompile Include="Source\Game\Projectile\Needle.cpp">
      <Filter>Source\Game\Projectile</Filter>
    </ClCompile>
    <ClCompile Include="Source\Game\Projectile\NeedlePool.cpp">
      <Filter>Source\Game\Projectile</Filter>
    </ClCompile>
    <ClCompile Include="Source\Game\Scene\GameScene.cpp">
      <Filter>Source\Game\Scene</Filter>
    </ClCompile>
    <ClCompile Include="Source\Game\Stage\ArenaBoundary.cpp">
      <Filter>Source\Game\Stage</Filter>
    </ClCompile>
    <ClCompile Include="Source\Game\Stage\StageBuilder.cpp">
      <Filter>Source\Game\Stage</Filter>
    </ClCompile>
    <ClCompile Include="Source\Game\UI\GameFont.cpp">
      <Filter>Source\Game\UI</Filter>
    </ClCompile>
    <ClCompile Include="Source\Game\UI\Hud.cpp">
      <Filter>Source\Game\UI</Filter>
    </ClCompile>
    <ClCompile Include="Source\Game\UI\LockOnMarker.cpp">
      <Filter>Source\Game\UI</Filter>
    </ClCompile>
    <ClCompile Include="Source\Game\UI\PhaseBanner.cpp">
      <Filter>Source\Game\UI</Filter>
    </ClCompile>
    <ClCompile Include="Source\Game\UI\ResultScreen.cpp">
      <Filter>Source\Game\UI</Filter>
    </ClCompile>
    <ClCompile Include="Source\Game\UI\TitleScreen.cpp">
      <Filter>Source\Game\UI</Filter>
    </ClCompile>
    <ClCompile Include="Source\WinMain.cpp">
      <Filter>Source</Filter>
    </ClCompile>
  </ItemGroup>
  <ItemGroup>
    <ClInclude Include="Source\Engine\Animation\AnimationClip.h">
      <Filter>Source\Engine\Animation</Filter>
    </ClInclude>
    <ClInclude Include="Source\Engine\Animation\Animator.h">
      <Filter>Source\Engine\Animation</Filter>
    </ClInclude>
    <ClInclude Include="Source\Engine\Animation\BoneFollower.h">
      <Filter>Source\Engine\Animation</Filter>
    </ClInclude>
    <ClInclude Include="Source\Engine\Audio\AudioClip.h">
      <Filter>Source\Engine\Audio</Filter>
    </ClInclude>
    <ClInclude Include="Source\Engine\Audio\AudioListener.h">
      <Filter>Source\Engine\Audio</Filter>
    </ClInclude>
    <ClInclude Include="Source\Engine\Audio\AudioManager.h">
      <Filter>Source\Engine\Audio</Filter>
    </ClInclude>
    <ClInclude Include="Source\Engine\Audio\AudioSource.h">
      <Filter>Source\Engine\Audio</Filter>
    </ClInclude>
    <ClInclude Include="Source\Engine\Audio\SoundManager.h">
      <Filter>Source\Engine\Audio</Filter>
    </ClInclude>
    <ClInclude Include="Source\Engine\Core\Behaviour.h">
      <Filter>Source\Engine\Core</Filter>
    </ClInclude>
    <ClInclude Include="Source\Engine\Core\Component.h">
      <Filter>Source\Engine\Core</Filter>
    </ClInclude>
    <ClInclude Include="Source\Engine\Core\GameObject.h">
      <Filter>Source\Engine\Core</Filter>
    </ClInclude>
    <ClInclude Include="Source\Engine\Core\MonoBehaviour.h">
      <Filter>Source\Engine\Core</Filter>
    </ClInclude>
    <ClInclude Include="Source\Engine\Core\Object.h">
      <Filter>Source\Engine\Core</Filter>
    </ClInclude>
    <ClInclude Include="Source\Engine\Core\Quaternion.h">
      <Filter>Source\Engine\Core</Filter>
    </ClInclude>
    <ClInclude Include="Source\Engine\Core\Scene.h">
      <Filter>Source\Engine\Core</Filter>
    </ClInclude>
    <ClInclude Include="Source\Engine\Core\SceneBase.h">
      <Filter>Source\Engine\Core</Filter>
    </ClInclude>
    <ClInclude Include="Source\Engine\Core\SceneManager.h">
      <Filter>Source\Engine\Core</Filter>
    </ClInclude>
    <ClInclude Include="Source\Engine\Core\System.h">
      <Filter>Source\Engine\Core</Filter>
    </ClInclude>
    <ClInclude Include="Source\Engine\Core\Time.h">
      <Filter>Source\Engine\Core</Filter>
    </ClInclude>
    <ClInclude Include="Source\Engine\Core\Transform.h">
      <Filter>Source\Engine\Core</Filter>
    </ClInclude>
    <ClInclude Include="Source\Engine\Debug\DebugMenu.h">
      <Filter>Source\Engine\Debug</Filter>
    </ClInclude>
    <ClInclude Include="Source\Engine\Effect\Particle.h">
      <Filter>Source\Engine\Effect</Filter>
    </ClInclude>
    <ClInclude Include="Source\Engine\Effect\ParticleManager.h">
      <Filter>Source\Engine\Effect</Filter>
    </ClInclude>
    <ClInclude Include="Source\Engine\Effect\ParticleSystem.h">
      <Filter>Source\Engine\Effect</Filter>
    </ClInclude>
    <ClInclude Include="Source\Engine\Input\InputSystem.h">
      <Filter>Source\Engine\Input</Filter>
    </ClInclude>
    <ClInclude Include="Source\Engine\Physics\CapsuleCollider.h">
      <Filter>Source\Engine\Physics</Filter>
    </ClInclude>
    <ClInclude Include="Source\Engine\Physics\Collider.h">
      <Filter>Source\Engine\Physics</Filter>
    </ClInclude>
    <ClInclude Include="Source\Engine\Physics\Collision.h">
      <Filter>Source\Engine\Physics</Filter>
    </ClInclude>
    <ClInclude Include="Source\Engine\Physics\MeshCollider.h">
      <Filter>Source\Engine\Physics</Filter>
    </ClInclude>
    <ClInclude Include="Source\Engine\Physics\PhysicsManager.h">
      <Filter>Source\Engine\Physics</Filter>
    </ClInclude>
    <ClInclude Include="Source\Engine\Physics\Rigidbody.h">
      <Filter>Source\Engine\Physics</Filter>
    </ClInclude>
    <ClInclude Include="Source\Engine\Render\Camera.h">
      <Filter>Source\Engine\Render</Filter>
    </ClInclude>
    <ClInclude Include="Source\Engine\Render\MeshRenderer.h">
      <Filter>Source\Engine\Render</Filter>
    </ClInclude>
    <ClInclude Include="Source\Engine\Render\RenderManager.h">
      <Filter>Source\Engine\Render</Filter>
    </ClInclude>
    <ClInclude Include="Source\Engine\Render\Renderer.h">
      <Filter>Source\Engine\Render</Filter>
    </ClInclude>
    <ClInclude Include="Source\Engine\Render\SkinnedMeshRenderer.h">
      <Filter>Source\Engine\Render</Filter>
    </ClInclude>
    <ClInclude Include="Source\Engine\Render\Skybox.h">
      <Filter>Source\Engine\Render</Filter>
    </ClInclude>
    <ClInclude Include="Source\Engine\Render\SpriteRenderer.h">
      <Filter>Source\Engine\Render</Filter>
    </ClInclude>
    <ClInclude Include="Source\Engine\UI\UIImage.h">
      <Filter>Source\Engine\UI</Filter>
    </ClInclude>
    <ClInclude Include="Source\Engine\UI\UIManager.h">
      <Filter>Source\Engine\UI</Filter>
    </ClInclude>
    <ClInclude Include="Source\Game\Camera\CameraFollow.h">
      <Filter>Source\Game\Camera</Filter>
    </ClInclude>
    <ClInclude Include="Source\Game\Character\AttackData.h">
      <Filter>Source\Game\Character</Filter>
    </ClInclude>
    <ClInclude Include="Source\Game\Character\Character.h">
      <Filter>Source\Game\Character</Filter>
    </ClInclude>
    <ClInclude Include="Source\Game\Character\CharacterBuilder.h">
      <Filter>Source\Game\Character</Filter>
    </ClInclude>
    <ClInclude Include="Source\Game\Character\CharacterRegistry.h">
      <Filter>Source\Game\Character</Filter>
    </ClInclude>
    <ClInclude Include="Source\Game\Character\CombatSystem.h">
      <Filter>Source\Game\Character</Filter>
    </ClInclude>
    <ClInclude Include="Source\Game\Character\HitInfo.h">
      <Filter>Source\Game\Character</Filter>
    </ClInclude>
    <ClInclude Include="Source\Game\Character\ModelCache.h">
      <Filter>Source\Game\Character</Filter>
    </ClInclude>
    <ClInclude Include="Source\Game\Debug\ColliderGizmo.h">
      <Filter>Source\Game\Debug</Filter>
    </ClInclude>
    <ClInclude Include="Source\Game\Debug\DebugCheats.h">
      <Filter>Source\Game\Debug</Filter>
    </ClInclude>
    <ClInclude Include="Source\Game\Effect\EffectManager.h">
      <Filter>Source\Game\Effect</Filter>
    </ClInclude>
    <ClInclude Include="Source\Game\Effect\ScreenFlash.h">
      <Filter>Source\Game\Effect</Filter>
    </ClInclude>
    <ClInclude Include="Source\Game\Effect\ShapeEffectRenderer.h">
      <Filter>Source\Game\Effect</Filter>
    </ClInclude>
    <ClInclude Include="Source\Game\Effect\SlashTrail.h">
      <Filter>Source\Game\Effect</Filter>
    </ClInclude>
    <ClInclude Include="Source\Game\Enemy\AttackTokenPool.h">
      <Filter>Source\Game\Enemy</Filter>
    </ClInclude>
    <ClInclude Include="Source\Game\Enemy\Enemy.h">
      <Filter>Source\Game\Enemy</Filter>
    </ClInclude>
    <ClInclude Include="Source\Game\Enemy\EnemyAI.h">
      <Filter>Source\Game\Enemy</Filter>
    </ClInclude>
    <ClInclude Include="Source\Game\Enemy\EnemyData.h">
      <Filter>Source\Game\Enemy</Filter>
    </ClInclude>
    <ClInclude Include="Source\Game\Enemy\EnemyFactory.h">
      <Filter>Source\Game\Enemy</Filter>
    </ClInclude>
    <ClInclude Include="Source\Game\Enemy\State\EnemyActions.h">
      <Filter>Source\Game\Enemy\State</Filter>
    </ClInclude>
    <ClInclude Include="Source\Game\Enemy\State\EnemyAttackState.h">
      <Filter>Source\Game\Enemy\State</Filter>
    </ClInclude>
    <ClInclude Include="Source\Game\Enemy\State\EnemyBlowState.h">
      <Filter>Source\Game\Enemy\State</Filter>
    </ClInclude>
    <ClInclude Include="Source\Game\Enemy\State\EnemyDamageState.h">
      <Filter>Source\Game\Enemy\State</Filter>
    </ClInclude>
    <ClInclude Include="Source\Game\Enemy\State\EnemyDeadState.h">
      <Filter>Source\Game\Enemy\State</Filter>
    </ClInclude>
    <ClInclude Include="Source\Game\Enemy\State\EnemyIdleState.h">
      <Filter>Source\Game\Enemy\State</Filter>
    </ClInclude>
    <ClInclude Include="Source\Game\Enemy\State\EnemyMoveState.h">
      <Filter>Source\Game\Enemy\State</Filter>
    </ClInclude>
    <ClInclude Include="Source\Game\Enemy\State\EnemyShootState.h">
      <Filter>Source\Game\Enemy\State</Filter>
    </ClInclude>
    <ClInclude Include="Source\Game\Input\InputInfo.h">
      <Filter>Source\Game\Input</Filter>
    </ClInclude>
    <ClInclude Include="Source\Game\Input\PlayerController.h">
      <Filter>Source\Game\Input</Filter>
    </ClInclude>
    <ClInclude Include="Source\Game\Input\TargetLock.h">
      <Filter>Source\Game\Input</Filter>
    </ClInclude>
    <ClInclude Include="Source\Game\Phase\PhaseDirector.h">
      <Filter>Source\Game\Phase</Filter>
    </ClInclude>
    <ClInclude Include="Source\Game\Phase\SaveData.h">
      <Filter>Source\Game\Phase</Filter>
    </ClInclude>
    <ClInclude Include="Source\Game\Player\Player.h">
      <Filter>Source\Game\Player</Filter>
    </ClInclude>
    <ClInclude Include="Source\Game\Player\PlayerAttacks.h">
      <Filter>Source\Game\Player</Filter>
    </ClInclude>
    <ClInclude Include="Source\Game\Player\PlayerFactory.h">
      <Filter>Source\Game\Player</Filter>
    </ClInclude>
    <ClInclude Include="Source\Game\Player\State\PlayerActions.h">
      <Filter>Source\Game\Player\State</Filter>
    </ClInclude>
    <ClInclude Include="Source\Game\Player\State\PlayerAttackState.h">
      <Filter>Source\Game\Player\State</Filter>
    </ClInclude>
    <ClInclude Include="Source\Game\Player\State\PlayerBlowState.h">
      <Filter>Source\Game\Player\State</Filter>
    </ClInclude>
    <ClInclude Include="Source\Game\Player\State\PlayerDamageState.h">
      <Filter>Source\Game\Player\State</Filter>
    </ClInclude>
    <ClInclude Include="Source\Game\Player\State\PlayerDeadState.h">
      <Filter>Source\Game\Player\State</Filter>
    </ClInclude>
    <ClInclude Include="Source\Game\Player\State\PlayerDodgeState.h">
      <Filter>Source\Game\Player\State</Filter>
    </ClInclude>
    <ClInclude Include="Source\Game\Player\State\PlayerGuardState.h">
      <Filter>Source\Game\Player\State</Filter>
    </ClInclude>
    <ClInclude Include="Source\Game\Player\State\PlayerIdleState.h">
      <Filter>Source\Game\Player\State</Filter>
    </ClInclude>
    <ClInclude Include="Source\Game\Player\State\PlayerJumpState.h">
      <Filter>Source\Game\Player\State</Filter>
    </ClInclude>
    <ClInclude Include="Source\Game\Player\State\PlayerMoveState.h">
      <Filter>Source\Game\Player\State</Filter>
    </ClInclude>
    <ClInclude Include="Source\Game\Projectile\Needle.h">
      <Filter>Source\Game\Projectile</Filter>
    </ClInclude>
    <ClInclude Include="Source\Game\Projectile\NeedlePool.h">
      <Filter>Source\Game\Projectile</Filter>
    </ClInclude>
    <ClInclude Include="Source\Game\Scene\GameScene.h">
      <Filter>Source\Game\Scene</Filter>
    </ClInclude>
    <ClInclude Include="Source\Game\Scene\TitleScene.h">
      <Filter>Source\Game\Scene</Filter>
    </ClInclude>
    <ClInclude Include="Source\Game\Stage\ArenaBoundary.h">
      <Filter>Source\Game\Stage</Filter>
    </ClInclude>
    <ClInclude Include="Source\Game\Stage\StageBuilder.h">
      <Filter>Source\Game\Stage</Filter>
    </ClInclude>
    <ClInclude Include="Source\Game\State\ICharacterState.h">
      <Filter>Source\Game\State</Filter>
    </ClInclude>
    <ClInclude Include="Source\Game\State\StateManager.h">
      <Filter>Source\Game\State</Filter>
    </ClInclude>
    <ClInclude Include="Source\Game\UI\GameFont.h">
      <Filter>Source\Game\UI</Filter>
    </ClInclude>
    <ClInclude Include="Source\Game\UI\Hud.h">
      <Filter>Source\Game\UI</Filter>
    </ClInclude>
    <ClInclude Include="Source\Game\UI\LockOnMarker.h">
      <Filter>Source\Game\UI</Filter>
    </ClInclude>
    <ClInclude Include="Source\Game\UI\PhaseBanner.h">
      <Filter>Source\Game\UI</Filter>
    </ClInclude>
    <ClInclude Include="Source\Game\UI\ResultScreen.h">
      <Filter>Source\Game\UI</Filter>
    </ClInclude>
    <ClInclude Include="Source\Game\UI\TitleScreen.h">
      <Filter>Source\Game\UI</Filter>
    </ClInclude>
  </ItemGroup>
</Project>
